
Microsoft Visual Studio Solution File, Format Version 12.00
# Visual Studio 2012
Project("{FAE04EC0-301F-11D3-BF4B-00C04F79EFBC}") = "Exploretum", "Exploretum.csproj", "{BF49152F-2393-452A-82D3-046B1A74631D}"
EndProject
Global
	GlobalSection(SolutionConfigurationPlatforms) = preSolution
		Debug|Any CPU = Debug|Any CPU
		Release|Any CPU = Release|Any CPU
	EndGlobalSection
	GlobalSection(ProjectConfigurationPlatforms) = postSolution
		{BF49152F-2393-452A-82D3-046B1A74631D}.Debug|Any CPU.ActiveCfg = Debug|Any CPU
		{BF49152F-2393-452A-82D3-046B1A74631D}.Debug|Any CPU.Build.0 = Debug|Any CPU
		{BF49152F-2393-452A-82D3-046B1A74631D}.Release|Any CPU.ActiveCfg = Release|Any CPU
		{BF49152F-2393-452A-82D3-046B1A74631D}.Release|Any CPU.Build.0 = Release|Any CPU
	EndGlobalSection
EndGlobal
